// !$*UTF8*$!
{
	archiveVersion = 1;
	classes = {
	};
	objectVersion = 56;
	objects = {

/* Begin PBXBuildFile section */
		AE3456282BAD674300C11C6E /* pieceOfSwiftUIApp.swift in Sources */ = {isa = PBXBuildFile; fileRef = AE3456272BAD674300C11C6E /* pieceOfSwiftUIApp.swift */; };
		AE34562A2BAD674300C11C6E /* ContentView.swift in Sources */ = {isa = PBXBuildFile; fileRef = AE3456292BAD674300C11C6E /* ContentView.swift */; };
		AE34562C2BAD674400C11C6E /* Assets.xcassets in Resources */ = {isa = PBXBuildFile; fileRef = AE34562B2BAD674400C11C6E /* Assets.xcassets */; };
		AE34562F2BAD674400C11C6E /* Preview Assets.xcassets in Resources */ = {isa = PBXBuildFile; fileRef = AE34562E2BAD674400C11C6E /* Preview Assets.xcassets */; };
		AE3456392BAD674400C11C6E /* pieceOfSwiftUITests.swift in Sources */ = {isa = PBXBuildFile; fileRef = AE3456382BAD674400C11C6E /* pieceOfSwiftUITests.swift */; };
		AE3456432BAD674400C11C6E /* pieceOfSwiftUIUITests.swift in Sources */ = {isa = PBXBuildFile; fileRef = AE3456422BAD674400C11C6E /* pieceOfSwiftUIUITests.swift */; };
		AE3456452BAD674400C11C6E /* pieceOfSwiftUIUITestsLaunchTests.swift in Sources */ = {isa = PBXBuildFile; fileRef = AE3456442BAD674400C11C6E /* pieceOfSwiftUIUITestsLaunchTests.swift */; };
		AE3456542BAD6B5100C11C6E /* .gitignore in Resources */ = {isa = PBXBuildFile; fileRef = AE3456532BAD6B5100C11C6E /* .gitignore */; };
/* End PBXBuildFile section */

/* Begin PBXContainerItemProxy section */
		AE3456352BAD674400C11C6E /* PBXContainerItemProxy */ = {
			isa = PBXContainerItemProxy;
			containerPortal = AE34561C2BAD674300C11C6E /* Project object */;
			proxyType = 1;
			remoteGlobalIDString = AE3456232BAD674300C11C6E;
			remoteInfo = pieceOfSwiftUI;
		};
		AE34563F2BAD674400C11C6E /* PBXContainerItemProxy */ = {
			isa = PBXContainerItemProxy;
			containerPortal = AE34561C2BAD674300C11C6E /* Project object */;
			proxyType = 1;
			remoteGlobalIDString = AE3456232BAD674300C11C6E;
			remoteInfo = pieceOfSwiftUI;
		};
/* End PBXContainerItemProxy section */

/* Begin PBXFileReference section */
		AE3456242BAD674300C11C6E /* pieceOfSwiftUI.app */ = {isa = PBXFileReference; explicitFileType = wrapper.application; includeInIndex = 0; path = pieceOfSwiftUI.app; sourceTree = BUILT_PRODUCTS_DIR; };
		AE3456272BAD674300C11C6E /* pieceOfSwiftUIApp.swift */ = {isa = PBXFileReference; lastKnownFileType = sourcecode.swift; path = pieceOfSwiftUIApp.swift; sourceTree = "<group>"; };
		AE3456292BAD674300C11C6E /* ContentView.swift */ = {isa = PBXFileReference; lastKnownFileType = sourcecode.swift; path = ContentView.swift; sourceTree = "<group>"; };
		AE34562B2BAD674400C11C6E /* Assets.xcassets */ = {isa = PBXFileReference; lastKnownFileType = folder.assetcatalog; path = Assets.xcassets; sourceTree = "<group>"; };
		AE34562E2BAD674400C11C6E /* Preview Assets.xcassets */ = {isa = PBXFileReference; lastKnownFileType = folder.assetcatalog; path = "Preview Assets.xcassets"; sourceTree = "<group>"; };
		AE3456342BAD674400C11C6E /* pieceOfSwiftUITests.xctest */ = {isa = PBXFileReference; explicitFileType = wrapper.cfbundle; includeInIndex = 0; path = pieceOfSwiftUITests.xctest; sourceTree = BUILT_PRODUCTS_DIR; };
		AE3456382BAD674400C11C6E /* pieceOfSwiftUITests.swift */ = {isa = PBXFileReference; lastKnownFileType = sourcecode.swift; path = pieceOfSwiftUITests.swift; sourceTree = "<group>"; };
		AE34563E2BAD674400C11C6E /* pieceOfSwiftUIUITests.xctest */ = {isa = PBXFileReference; explicitFileType = wrapper.cfbundle; includeInIndex = 0; path = pieceOfSwiftUIUITests.xctest; sourceTree = BUILT_PRODUCTS_DIR; };
		AE3456422BAD674400C11C6E /* pieceOfSwiftUIUITests.swift */ = {isa = PBXFileReference; lastKnownFileType = sourcecode.swift; path = pieceOfSwiftUIUITests.swift; sourceTree = "<group>"; };
		AE3456442BAD674400C11C6E /* pieceOfSwiftUIUITestsLaunchTests.swift */ = {isa = PBXFileReference; lastKnownFileType = sourcecode.swift; path = pieceOfSwiftUIUITestsLaunchTests.swift; sourceTree = "<group>"; };
		AE3456532BAD6B5100C11C6E /* .gitignore */ = {isa = PBXFileReference; lastKnownFileType = text; path = .gitignore; sourceTree = "<group>"; };
/* End PBXFileReference section */

/* Begin PBXFrameworksBuildPhase section */
		AE3456212BAD674300C11C6E /* Frameworks */ = {
			isa = PBXFrameworksBuildPhase;
			buildActionMask = 2147483647;
			files = (
			);
			runOnlyForDeploymentPostprocessing = 0;
		};
		AE3456312BAD674400C11C6E /* Frameworks */ = {
			isa = PBXFrameworksBuildPhase;
			buildActionMask = 2147483647;
			files = (
			);
			runOnlyForDeploymentPostprocessing = 0;
		};
		AE34563B2BAD674400C11C6E /* Frameworks */ = {
			isa = PBXFrameworksBuildPhase;
			buildActionMask = 2147483647;
			files = (
			);
			runOnlyForDeploymentPostprocessing = 0;
		};
/* End PBXFrameworksBuildPhase section */

/* Begin PBXGroup section */
		AE34561B2BAD674300C11C6E = {
			isa = PBXGroup;
			children = (
				AE3456532BAD6B5100C11C6E /* .gitignore */,
				AE3456262BAD674300C11C6E /* pieceOfSwiftUI */,
				AE3456372BAD674400C11C6E /* pieceOfSwiftUITests */,
				AE3456412BAD674400C11C6E /* pieceOfSwiftUIUITests */,
				AE3456252BAD674300C11C6E /* Products */,
			);
			sourceTree = "<group>";
		};
		AE3456252BAD674300C11C6E /* Products */ = {
			isa = PBXGroup;
			children = (
				AE3456242BAD674300C11C6E /* pieceOfSwiftUI.app */,
				AE3456342BAD674400C11C6E /* pieceOfSwiftUITests.xctest */,
				AE34563E2BAD674400C11C6E /* pieceOfSwiftUIUITests.xctest */,
			);
			name = Products;
			sourceTree = "<group>";
		};
		AE3456262BAD674300C11C6E /* pieceOfSwiftUI */ = {
			isa = PBXGroup;
			children = (
				AE3456272BAD674300C11C6E /* pieceOfSwiftUIApp.swift */,
				AE3456292BAD674300C11C6E /* ContentView.swift */,
				AE34562B2BAD674400C11C6E /* Assets.xcassets */,
				AE34562D2BAD674400C11C6E /* Preview Content */,
			);
			path = pieceOfSwiftUI;
			sourceTree = "<group>";
		};
		AE34562D2BAD674400C11C6E /* Preview Content */ = {
			isa = PBXGroup;
			children = (
				AE34562E2BAD674400C11C6E /* Preview Assets.xcassets */,
			);
			path = "Preview Content";
			sourceTree = "<group>";
		};
		AE3456372BAD674400C11C6E /* pieceOfSwiftUITests */ = {
			isa = PBXGroup;
			children = (
				AE3456382BAD674400C11C6E /* pieceOfSwiftUITests.swift */,
			);
			path = pieceOfSwiftUITests;
			sourceTree = "<group>";
		};
		AE3456412BAD674400C11C6E /* pieceOfSwiftUIUITests */ = {
			isa = PBXGroup;
			children = (
				AE3456422BAD674400C11C6E /* pieceOfSwiftUIUITests.swift */,
				AE3456442BAD674400C11C6E /* pieceOfSwiftUIUITestsLaunchTests.swift */,
			);
			path = pieceOfSwiftUIUITests;
			sourceTree = "<group>";
		};
/* End PBXGroup section */

/* Begin PBXNativeTarget section */
		AE3456232BAD674300C11C6E /* pieceOfSwiftUI */ = {
			isa = PBXNativeTarget;
			buildConfigurationList = AE3456482BAD674500C11C6E /* Build configuration list for PBXNativeTarget "pieceOfSwiftUI" */;
			buildPhases = (
				AE3456202BAD674300C11C6E /* Sources */,
				AE3456212BAD674300C11C6E /* Frameworks */,
				AE3456222BAD674300C11C6E /* Resources */,
			);
			buildRules = (
			);
			dependencies = (
			);
			name = pieceOfSwiftUI;
			productName = pieceOfSwiftUI;
			productReference = AE3456242BAD674300C11C6E /* pieceOfSwiftUI.app */;
			productType = "com.apple.product-type.application";
		};
		AE3456332BAD674400C11C6E /* pieceOfSwiftUITests */ = {
			isa = PBXNativeTarget;
			buildConfigurationList = AE34564B2BAD674500C11C6E /* Build configuration list for PBXNativeTarget "pieceOfSwiftUITests" */;
			buildPhases = (
				AE3456302BAD674400C11C6E /* Sources */,
				AE3456312BAD674400C11C6E /* Frameworks */,
				AE3456322BAD674400C11C6E /* Resources */,
			);
			buildRules = (
			);
			dependencies = (
				AE3456362BAD674400C11C6E /* PBXTargetDependency */,
			);
			name = pieceOfSwiftUITests;
			productName = pieceOfSwiftUITests;
			productReference = AE3456342BAD674400C11C6E /* pieceOfSwiftUITests.xctest */;
			productType = "com.apple.product-type.bundle.unit-test";
		};
		AE34563D2BAD674400C11C6E /* pieceOfSwiftUIUITests */ = {
			isa = PBXNativeTarget;
			buildConfigurationList = AE34564E2BAD674500C11C6E /* Build configuration list for PBXNativeTarget "pieceOfSwiftUIUITests" */;
			buildPhases = (
				AE34563A2BAD674400C11C6E /* Sources */,
				AE34563B2BAD674400C11C6E /* Frameworks */,
				AE34563C2BAD674400C11C6E /* Resources */,
			);
			buildRules = (
			);
			dependencies = (
				AE3456402BAD674400C11C6E /* PBXTargetDependency */,
			);
			name = pieceOfSwiftUIUITests;
			productName = pieceOfSwiftUIUITests;
			productReference = AE34563E2BAD674400C11C6E /* pieceOfSwiftUIUITests.xctest */;
			productType = "com.apple.product-type.bundle.ui-testing";
		};
/* End PBXNativeTarget section */

/* Begin PBXProject section */
		AE34561C2BAD674300C11C6E /* Project object */ = {
			isa = PBXProject;
			attributes = {
				BuildIndependentTargetsInParallel = 1;
				LastSwiftUpdateCheck = 1530;
				LastUpgradeCheck = 1530;
				TargetAttributes = {
					AE3456232BAD674300C11C6E = {
						CreatedOnToolsVersion = 15.3;
					};
					AE3456332BAD674400C11C6E = {
						CreatedOnToolsVersion = 15.3;
						TestTargetID = AE3456232BAD674300C11C6E;
					};
					AE34563D2BAD674400C11C6E = {
						CreatedOnToolsVersion = 15.3;
						TestTargetID = AE3456232BAD674300C11C6E;
					};
				};
			};
			buildConfigurationList = AE34561F2BAD674300C11C6E /* Build configuration list for PBXProject "pieceOfSwiftUI" */;
			compatibilityVersion = "Xcode 14.0";
			developmentRegion = en;
			hasScannedForEncodings = 0;
			knownRegions = (
				en,
				Base,
			);
			mainGroup = AE34561B2BAD674300C11C6E;
			productRefGroup = AE3456252BAD674300C11C6E /* Products */;
			projectDirPath = "";
			projectRoot = "";
			targets = (
				AE3456232BAD674300C11C6E /* pieceOfSwiftUI */,
				AE3456332BAD674400C11C6E /* pieceOfSwiftUITests */,
				AE34563D2BAD674400C11C6E /* pieceOfSwiftUIUITests */,
			);
		};
/* End PBXProject section */

/* Begin PBXResourcesBuildPhase section */
		AE3456222BAD674300C11C6E /* Resources */ = {
			isa = PBXResourcesBuildPhase;
			buildActionMask = 2147483647;
			files = (
				AE34562F2BAD674400C11C6E /* Preview Assets.xcassets in Resources */,
				AE3456542BAD6B5100C11C6E /* .gitignore in Resources */,
				AE34562C2BAD674400C11C6E /* Assets.xcassets in Resources */,
			);
			runOnlyForDeploymentPostprocessing = 0;
		};
		AE3456322BAD674400C11C6E /* Resources */ = {
			isa = PBXResourcesBuildPhase;
			buildActionMask = 2147483647;
			files = (
			);
			runOnlyForDeploymentPostprocessing = 0;
		};
		AE34563C2BAD674400C11C6E /* Resources */ = {
			isa = PBXResourcesBuildPhase;
			buildActionMask = 2147483647;
			files = (
			);
			runOnlyForDeploymentPostprocessing = 0;
		};
/* End PBXResourcesBuildPhase section */

/* Begin PBXSourcesBuildPhase section */
		AE3456202BAD674300C11C6E /* Sources */ = {
			isa = PBXSourcesBuildPhase;
			buildActionMask = 2147483647;
			files = (
				AE34562A2BAD674300C11C6E /* ContentView.swift in Sources */,
				AE3456282BAD674300C11C6E /* pieceOfSwiftUIApp.swift in Sources */,
			);
			runOnlyForDeploymentPostprocessing = 0;
		};
		AE3456302BAD674400C11C6E /* Sources */ = {
			isa = PBXSourcesBuildPhase;
			buildActionMask = 2147483647;
			files = (
				AE3456392BAD674400C11C6E /* pieceOfSwiftUITests.swift in Sources */,
			);
			runOnlyForDeploymentPostprocessing = 0;
		};
		AE34563A2BAD674400C11C6E /* Sources */ = {
			isa = PBXSourcesBuildPhase;
			buildActionMask = 2147483647;
			files = (
				AE3456452BAD674400C11C6E /* pieceOfSwiftUIUITestsLaunchTests.swift in Sources */,
				AE3456432BAD674400C11C6E /* pieceOfSwiftUIUITests.swift in Sources */,
			);
			runOnlyForDeploymentPostprocessing = 0;
		};
/* End PBXSourcesBuildPhase section */

/* Begin PBXTargetDependency section */
		AE3456362BAD674400C11C6E /* PBXTargetDependency */ = {
			isa = PBXTargetDependency;
			target = AE3456232BAD674300C11C6E /* pieceOfSwiftUI */;
			targetProxy = AE3456352BAD674400C11C6E /* PBXContainerItemProxy */;
		};
		AE3456402BAD674400C11C6E /* PBXTargetDependency */ = {
			isa = PBXTargetDependency;
			target = AE3456232BAD674300C11C6E /* pieceOfSwiftUI */;
			targetProxy = AE34563F2BAD674400C11C6E /* PBXContainerItemProxy */;
		};
/* End PBXTargetDependency section */

/* Begin XCBuildConfiguration section */
		AE3456462BAD674500C11C6E /* Debug */ = {
			isa = XCBuildConfiguration;
			buildSettings = {
				ALWAYS_SEARCH_USER_PATHS = NO;
				ASSETCATALOG_COMPILER_GENERATE_SWIFT_ASSET_SYMBOL_EXTENSIONS = YES;
				CLANG_ANALYZER_NONNULL = YES;
				CLANG_ANALYZER_NUMBER_OBJECT_CONVERSION = YES_AGGRESSIVE;
				CLANG_CXX_LANGUAGE_STANDARD = "gnu++20";
				CLANG_ENABLE_MODULES = YES;
				CLANG_ENABLE_OBJC_ARC = YES;
				CLANG_ENABLE_OBJC_WEAK = YES;
				CLANG_WARN_BLOCK_CAPTURE_AUTORELEASING = YES;
				CLANG_WARN_BOOL_CONVERSION = YES;
				CLANG_WARN_COMMA = YES;
				CLANG_WARN_CONSTANT_CONVERSION = YES;
				CLANG_WARN_DEPRECATED_OBJC_IMPLEMENTATIONS = YES;
				CLANG_WARN_DIRECT_OBJC_ISA_USAGE = YES_ERROR;
				CLANG_WARN_DOCUMENTATION_COMMENTS = YES;
				CLANG_WARN_EMPTY_BODY = YES;
				CLANG_WARN_ENUM_CONVERSION = YES;
				CLANG_WARN_INFINITE_RECURSION = YES;
				CLANG_WARN_INT_CONVERSION = YES;
				CLANG_WARN_NON_LITERAL_NULL_CONVERSION = YES;
				CLANG_WARN_OBJC_IMPLICIT_RETAIN_SELF = YES;
				CLANG_WARN_OBJC_LITERAL_CONVERSION = YES;
				CLANG_WARN_OBJC_ROOT_CLASS = YES_ERROR;
				CLANG_WARN_QUOTED_INCLUDE_IN_FRAMEWORK_HEADER = YES;
				CLANG_WARN_RANGE_LOOP_ANALYSIS = YES;
				CLANG_WARN_STRICT_PROTOTYPES = YES;
				CLANG_WARN_SUSPICIOUS_MOVE = YES;
				CLANG_WARN_UNGUARDED_AVAILABILITY = YES_AGGRESSIVE;
				CLANG_WARN_UNREACHABLE_CODE = YES;
				CLANG_WARN__DUPLICATE_METHOD_MATCH = YES;
				COPY_PHASE_STRIP = NO;
				DEBUG_INFORMATION_FORMAT = dwarf;
				ENABLE_STRICT_OBJC_MSGSEND = YES;
				ENABLE_TESTABILITY = YES;
				ENABLE_USER_SCRIPT_SANDBOXING = YES;
				GCC_C_LANGUAGE_STANDARD = gnu17;
				GCC_DYNAMIC_NO_PIC = NO;
				GCC_NO_COMMON_BLOCKS = YES;
				GCC_OPTIMIZATION_LEVEL = 0;
				GCC_PREPROCESSOR_DEFINITIONS = (
					"DEBUG=1",
					"$(inherited)",
				);
				GCC_WARN_64_TO_32_BIT_CONVERSION = YES;
				GCC_WARN_ABOUT_RETURN_TYPE = YES_ERROR;
				GCC_WARN_UNDECLARED_SELECTOR = YES;
				GCC_WARN_UNINITIALIZED_AUTOS = YES_AGGRESSIVE;
				GCC_WARN_UNUSED_FUNCTION = YES;
				GCC_WARN_UNUSED_VARIABLE = YES;
				IPHONEOS_DEPLOYMENT_TARGET = 17.4;
				LOCALIZATION_PREFERS_STRING_CATALOGS = YES;
				MTL_ENABLE_DEBUG_INFO = INCLUDE_SOURCE;
				MTL_FAST_MATH = YES;
				ONLY_ACTIVE_ARCH = YES;
				SDKROOT = iphoneos;
				SWIFT_ACTIVE_COMPILATION_CONDITIONS = "DEBUG $(inherited)";
				SWIFT_OPTIMIZATION_LEVEL = "-Onone";
			};
			name = Debug;
		};
		AE3456472BAD674500C11C6E /* Release */ = {
			isa = XCBuildConfiguration;
			buildSettings = {
				ALWAYS_SEARCH_USER_PATHS = NO;
				ASSETCATALOG_COMPILER_GENERATE_SWIFT_ASSET_SYMBOL_EXTENSIONS = YES;
				CLANG_ANALYZER_NONNULL = YES;
				CLANG_ANALYZER_NUMBER_OBJECT_CONVERSION = YES_AGGRESSIVE;
				CLANG_CXX_LANGUAGE_STANDARD = "gnu++20";
				CLANG_ENABLE_MODULES = YES;
				CLANG_ENABLE_OBJC_ARC = YES;
				CLANG_ENABLE_OBJC_WEAK = YES;
				CLANG_WARN_BLOCK_CAPTURE_AUTORELEASING = YES;
				CLANG_WARN_BOOL_CONVERSION = YES;
				CLANG_WARN_COMMA = YES;
				CLANG_WARN_CONSTANT_CONVERSION = YES;
				CLANG_WARN_DEPRECATED_OBJC_IMPLEMENTATIONS = YES;
				CLANG_WARN_DIRECT_OBJC_ISA_USAGE = YES_ERROR;
				CLANG_WARN_DOCUMENTATION_COMMENTS = YES;
				CLANG_WARN_EMPTY_BODY = YES;
				CLANG_WARN_ENUM_CONVERSION = YES;
				CLANG_WARN_INFINITE_RECURSION = YES;
				CLANG_WARN_INT_CONVERSION = YES;
				CLANG_WARN_NON_LITERAL_NULL_CONVERSION = YES;
				CLANG_WARN_OBJC_IMPLICIT_RETAIN_SELF = YES;
				CLANG_WARN_OBJC_LITERAL_CONVERSION = YES;
				CLANG_WARN_OBJC_ROOT_CLASS = YES_ERROR;
				CLANG_WARN_QUOTED_INCLUDE_IN_FRAMEWORK_HEADER = YES;
				CLANG_WARN_RANGE_LOOP_ANALYSIS = YES;
				CLANG_WARN_STRICT_PROTOTYPES = YES;
				CLANG_WARN_SUSPICIOUS_MOVE = YES;
				CLANG_WARN_UNGUARDED_AVAILABILITY = YES_AGGRESSIVE;
				CLANG_WARN_UNREACHABLE_CODE = YES;
				CLANG_WARN__DUPLICATE_METHOD_MATCH = YES;
				COPY_PHASE_STRIP = NO;
				DEBUG_INFORMATION_FORMAT = "dwarf-with-dsym";
				ENABLE_NS_ASSERTIONS = NO;
				ENABLE_STRICT_OBJC_MSGSEND = YES;
				ENABLE_USER_SCRIPT_SANDBOXING = YES;
				GCC_C_LANGUAGE_STANDARD = gnu17;
				GCC_NO_COMMON_BLOCKS = YES;
				GCC_WARN_64_TO_32_BIT_CONVERSION = YES;
				GCC_WARN_ABOUT_RETURN_TYPE = YES_ERROR;
				GCC_WARN_UNDECLARED_SELECTOR = YES;
				GCC_WARN_UNINITIALIZED_AUTOS = YES_AGGRESSIVE;
				GCC_WARN_UNUSED_FUNCTION = YES;
				GCC_WARN_UNUSED_VARIABLE = YES;
				IPHONEOS_DEPLOYMENT_TARGET = 17.4;
				LOCALIZATION_PREFERS_STRING_CATALOGS = YES;
				MTL_ENABLE_DEBUG_INFO = NO;
				MTL_FAST_MATH = YES;
				SDKROOT = iphoneos;
				SWIFT_COMPILATION_MODE = wholemodule;
				VALIDATE_PRODUCT = YES;
			};
			name = Release;
		};
		AE3456492BAD674500C11C6E /* Debug */ = {
			isa = XCBuildConfiguration;
			buildSettings = {
				ASSETCATALOG_COMPILER_APPICON_NAME = AppIcon;
				ASSETCATALOG_COMPILER_GLOBAL_ACCENT_COLOR_NAME = AccentColor;
				CODE_SIGN_STYLE = Automatic;
				CURRENT_PROJECT_VERSION = 1;
				DEVELOPMENT_ASSET_PATHS = "\"pieceOfSwiftUI/Preview Content\"";
				DEVELOPMENT_TEAM = 4897CGQASF;
				ENABLE_PREVIEWS = YES;
				GENERATE_INFOPLIST_FILE = YES;
				INFOPLIST_KEY_UIApplicationSceneManifest_Generation = YES;
				INFOPLIST_KEY_UIApplicationSupportsIndirectInputEvents = YES;
				INFOPLIST_KEY_UILaunchScreen_Generation = YES;
				INFOPLIST_KEY_UISupportedInterfaceOrientations_iPad = "UIInterfaceOrientationPortrait UIInterfaceOrientationPortraitUpsideDown UIInterfaceOrientationLandscapeLeft UIInterfaceOrientationLandscapeRight";
				INFOPLIST_KEY_UISupportedInterfaceOrientations_iPhone = "UIInterfaceOrientationPortrait UIInterfaceOrientationLandscapeLeft UIInterfaceOrientationLandscapeRight";
				LD_RUNPATH_SEARCH_PATHS = (
					"$(inherited)",
					"@executable_path/Frameworks",
				);
				MARKETING_VERSION = 1.0;
				PRODUCT_BUNDLE_IDENTIFIER = kangmin.study.pieceOfSwiftUI;
				PRODUCT_NAME = "$(TARGET_NAME)";
				SWIFT_EMIT_LOC_STRINGS = YES;
				SWIFT_VERSION = 5.0;
				TARGETED_DEVICE_FAMILY = "1,2";
			};
			name = Debug;
		};
		AE34564A2BAD674500C11C6E /* Release */ = {
			isa = XCBuildConfiguration;
			buildSettings = {
				ASSETCATALOG_COMPILER_APPICON_NAME = AppIcon;
				ASSETCATALOG_COMPILER_GLOBAL_ACCENT_COLOR_NAME = AccentColor;
				CODE_SIGN_STYLE = Automatic;
				CURRENT_PROJECT_VERSION = 1;
				DEVELOPMENT_ASSET_PATHS = "\"pieceOfSwiftUI/Preview Content\"";
				DEVELOPMENT_TEAM = 4897CGQASF;
				ENABLE_PREVIEWS = YES;
				GENERATE_INFOPLIST_FILE = YES;
				INFOPLIST_KEY_UIApplicationSceneManifest_Generation = YES;
				INFOPLIST_KEY_UIApplicationSupportsIndirectInputEvents = YES;
				INFOPLIST_KEY_UILaunchScreen_Generation = YES;
				INFOPLIST_KEY_UISupportedInterfaceOrientations_iPad = "UIInterfaceOrientationPortrait UIInterfaceOrientationPortraitUpsideDown UIInterfaceOrientationLandscapeLeft UIInterfaceOrientationLandscapeRight";
				INFOPLIST_KEY_UISupportedInterfaceOrientations_iPhone = "UIInterfaceOrientationPortrait UIInterfaceOrientationLandscapeLeft UIInterfaceOrientationLandscapeRight";
				LD_RUNPATH_SEARCH_PATHS = (
					"$(inherited)",
					"@executable_path/Frameworks",
				);
				MARKETING_VERSION = 1.0;
				PRODUCT_BUNDLE_IDENTIFIER = kangmin.study.pieceOfSwiftUI;
				PRODUCT_NAME = "$(TARGET_NAME)";
				SWIFT_EMIT_LOC_STRINGS = YES;
				SWIFT_VERSION = 5.0;
				TARGETED_DEVICE_FAMILY = "1,2";
			};
			name = Release;
		};
		AE34564C2BAD674500C11C6E /* Debug */ = {
			isa = XCBuildConfiguration;
			buildSettings = {
				ALWAYS_EMBED_SWIFT_STANDARD_LIBRARIES = YES;
				BUNDLE_LOADER = "$(TEST_HOST)";
				CODE_SIGN_STYLE = Automatic;
				CURRENT_PROJECT_VERSION = 1;
				DEVELOPMENT_TEAM = 4897CGQASF;
				GENERATE_INFOPLIST_FILE = YES;
				IPHONEOS_DEPLOYMENT_TARGET = 17.4;
				MARKETING_VERSION = 1.0;
				PRODUCT_BUNDLE_IDENTIFIER = kangmin.study.pieceOfSwiftUITests;
				PRODUCT_NAME = "$(TARGET_NAME)";
				SWIFT_EMIT_LOC_STRINGS = NO;
				SWIFT_VERSION = 5.0;
				TARGETED_DEVICE_FAMILY = "1,2";
				TEST_HOST = "$(BUILT_PRODUCTS_DIR)/pieceOfSwiftUI.app/$(BUNDLE_EXECUTABLE_FOLDER_PATH)/pieceOfSwiftUI";
			};
			name = Debug;
		};
		AE34564D2BAD674500C11C6E /* Release */ = {
			isa = XCBuildConfiguration;
			buildSettings = {
				ALWAYS_EMBED_SWIFT_STANDARD_LIBRARIES = YES;
				BUNDLE_LOADER = "$(TEST_HOST)";
				CODE_SIGN_STYLE = Automatic;
				CURRENT_PROJECT_VERSION = 1;
				DEVELOPMENT_TEAM = 4897CGQASF;
				GENERATE_INFOPLIST_FILE = YES;
				IPHONEOS_DEPLOYMENT_TARGET = 17.4;
				MARKETING_VERSION = 1.0;
				PRODUCT_BUNDLE_IDENTIFIER = kangmin.study.pieceOfSwiftUITests;
				PRODUCT_NAME = "$(TARGET_NAME)";
				SWIFT_EMIT_LOC_STRINGS = NO;
				SWIFT_VERSION = 5.0;
				TARGETED_DEVICE_FAMILY = "1,2";
				TEST_HOST = "$(BUILT_PRODUCTS_DIR)/pieceOfSwiftUI.app/$(BUNDLE_EXECUTABLE_FOLDER_PATH)/pieceOfSwiftUI";
			};
			name = Release;
		};
		AE34564F2BAD674500C11C6E /* Debug */ = {
			isa = XCBuildConfiguration;
			buildSettings = {
				ALWAYS_EMBED_SWIFT_STANDARD_LIBRARIES = YES;
				CODE_SIGN_STYLE = Automatic;
				CURRENT_PROJECT_VERSION = 1;
				DEVELOPMENT_TEAM = 4897CGQASF;
				GENERATE_INFOPLIST_FILE = YES;
				MARKETING_VERSION = 1.0;
				PRODUCT_BUNDLE_IDENTIFIER = kangmin.study.pieceOfSwiftUIUITests;
				PRODUCT_NAME = "$(TARGET_NAME)";
				SWIFT_EMIT_LOC_STRINGS = NO;
				SWIFT_VERSION = 5.0;
				TARGETED_DEVICE_FAMILY = "1,2";
				TEST_TARGET_NAME = pieceOfSwiftUI;
			};
			name = Debug;
		};
		AE3456502BAD674500C11C6E /* Release */ = {
			isa = XCBuildConfiguration;
			buildSettings = {
				ALWAYS_EMBED_SWIFT_STANDARD_LIBRARIES = YES;
				CODE_SIGN_STYLE = Automatic;
				CURRENT_PROJECT_VERSION = 1;
				DEVELOPMENT_TEAM = 4897CGQASF;
				GENERATE_INFOPLIST_FILE = YES;
				MARKETING_VERSION = 1.0;
				PRODUCT_BUNDLE_IDENTIFIER = kangmin.study.pieceOfSwiftUIUITests;
				PRODUCT_NAME = "$(TARGET_NAME)";
				SWIFT_EMIT_LOC_STRINGS = NO;
				SWIFT_VERSION = 5.0;
				TARGETED_DEVICE_FAMILY = "1,2";
				TEST_TARGET_NAME = pieceOfSwiftUI;
			};
			name = Release;
		};
/* End XCBuildConfiguration section */

/* Begin XCConfigurationList section */
		AE34561F2BAD674300C11C6E /* Build configuration list for PBXProject "pieceOfSwiftUI" */ = {
			isa = XCConfigurationList;
			buildConfigurations = (
				AE3456462BAD674500C11C6E /* Debug */,
				AE3456472BAD674500C11C6E /* Release */,
			);
			defaultConfigurationIsVisible = 0;
			defaultConfigurationName = Release;
		};
		AE3456482BAD674500C11C6E /* Build configuration list for PBXNativeTarget "pieceOfSwiftUI" */ = {
			isa = XCConfigurationList;
			buildConfigurations = (
				AE3456492BAD674500C11C6E /* Debug */,
				AE34564A2BAD674500C11C6E /* Release */,
			);
			defaultConfigurationIsVisible = 0;
			defaultConfigurationName = Release;
		};
		AE34564B2BAD674500C11C6E /* Build configuration list for PBXNativeTarget "pieceOfSwiftUITests" */ = {
			isa = XCConfigurationList;
			buildConfigurations = (
				AE34564C2BAD674500C11C6E /* Debug */,
				AE34564D2BAD674500C11C6E /* Release */,
			);
			defaultConfigurationIsVisible = 0;
			defaultConfigurationName = Release;
		};
		AE34564E2BAD674500C11C6E /* Build configuration list for PBXNativeTarget "pieceOfSwiftUIUITests" */ = {
			isa = XCConfigurationList;
			buildConfigurations = (
				AE34564F2BAD674500C11C6E /* Debug */,
				AE3456502BAD674500C11C6E /* Release */,
			);
			defaultConfigurationIsVisible = 0;
			defaultConfigurationName = Release;
		};
/* End XCConfigurationList section */
	};
	rootObject = AE34561C2BAD674300C11C6E /* Project object */;
}
